// !$*UTF8*$!
{
	archiveVersion = 1;
	classes = {
	};
	objectVersion = 46;
	objects = {

/* Begin PBXBuildFile section */
		38C941DE1B533F1C00516EB9 /* AppDelegate.swift in Sources */ = {isa = PBXBuildFile; fileRef = 38C941DD1B533F1C00516EB9 /* AppDelegate.swift */; };
		38C941E01B533F1C00516EB9 /* ViewController.swift in Sources */ = {isa = PBXBuildFile; fileRef = 38C941DF1B533F1C00516EB9 /* ViewController.swift */; };
		38C941E31B533F1C00516EB9 /* Main.storyboard in Resources */ = {isa = PBXBuildFile; fileRef = 38C941E11B533F1C00516EB9 /* Main.storyboard */; };
		38C941E51B533F1C00516EB9 /* Images.xcassets in Resources */ = {isa = PBXBuildFile; fileRef = 38C941E41B533F1C00516EB9 /* Images.xcassets */; };
		38C941E81B533F1C00516EB9 /* LaunchScreen.xib in Resources */ = {isa = PBXBuildFile; fileRef = 38C941E61B533F1C00516EB9 /* LaunchScreen.xib */; };
		38C941F41B533F1C00516EB9 /* AutoLogTests.swift in Sources */ = {isa = PBXBuildFile; fileRef = 38C941F31B533F1C00516EB9 /* AutoLogTests.swift */; };
/* End PBXBuildFile section */

/* Begin PBXContainerItemProxy section */
		38C941EE1B533F1C00516EB9 /* PBXContainerItemProxy */ = {
			isa = PBXContainerItemProxy;
			containerPortal = 38C941D01B533F1C00516EB9 /* Project object */;
			proxyType = 1;
			remoteGlobalIDString = 38C941D71B533F1C00516EB9;
			remoteInfo = AutoLog;
		};
/* End PBXContainerItemProxy section */

/* Begin PBXFileReference section */
		38C941D81B533F1C00516EB9 /* AutoLog.app */ = {isa = PBXFileReference; explicitFileType = wrapper.application; includeInIndex = 0; path = AutoLog.app; sourceTree = BUILT_PRODUCTS_DIR; };
		38C941DC1B533F1C00516EB9 /* Info.plist */ = {isa = PBXFileReference; lastKnownFileType = text.plist.xml; path = Info.plist; sourceTree = "<group>"; };
		38C941DD1B533F1C00516EB9 /* AppDelegate.swift */ = {isa = PBXFileReference; lastKnownFileType = sourcecode.swift; path = AppDelegate.swift; sourceTree = "<group>"; };
		38C941DF1B533F1C00516EB9 /* ViewController.swift */ = {isa = PBXFileReference; lastKnownFileType = sourcecode.swift; path = ViewController.swift; sourceTree = "<group>"; };
		38C941E21B533F1C00516EB9 /* Base */ = {isa = PBXFileReference; lastKnownFileType = file.storyboard; name = Base; path = Base.lproj/Main.storyboard; sourceTree = "<group>"; };
		38C941E41B533F1C00516EB9 /* Images.xcassets */ = {isa = PBXFileReference; lastKnownFileType = folder.assetcatalog; path = Images.xcassets; sourceTree = "<group>"; };
		38C941E71B533F1C00516EB9 /* Base */ = {isa = PBXFileReference; lastKnownFileType = file.xib; name = Base; path = Base.lproj/LaunchScreen.xib; sourceTree = "<group>"; };
		38C941ED1B533F1C00516EB9 /* AutoLogTests.xctest */ = {isa = PBXFileReference; explicitFileType = wrapper.cfbundle; includeInIndex = 0; path = AutoLogTests.xctest; sourceTree = BUILT_PRODUCTS_DIR; };
		38C941F21B533F1C00516EB9 /* Info.plist */ = {isa = PBXFileReference; lastKnownFileType = text.plist.xml; path = Info.plist; sourceTree = "<group>"; };
		38C941F31B533F1C00516EB9 /* AutoLogTests.swift */ = {isa = PBXFileReference; lastKnownFileType = sourcecode.swift; path = AutoLogTests.swift; sourceTree = "<group>"; };
/* End PBXFileReference section */

/* Begin PBXFrameworksBuildPhase section */
		38C941D51B533F1C00516EB9 /* Frameworks */ = {
			isa = PBXFrameworksBuildPhase;
			buildActionMask = 2147483647;
			files = (
			);
			runOnlyForDeploymentPostprocessing = 0;
		};
		38C941EA1B533F1C00516EB9 /* Frameworks */ = {
			isa = PBXFrameworksBuildPhase;
			buildActionMask = 2147483647;
			files = (
			);
			runOnlyForDeploymentPostprocessing = 0;
		};
/* End PBXFrameworksBuildPhase section */

/* Begin PBXGroup section */
		38C941CF1B533F1C00516EB9 = {
			isa = PBXGroup;
			children = (
				38C941DA1B533F1C00516EB9 /* AutoLog */,
				38C941F01B533F1C00516EB9 /* AutoLogTests */,
				38C941D91B533F1C00516EB9 /* Products */,
			);
			sourceTree = "<group>";
		};
		38C941D91B533F1C00516EB9 /* Products */ = {
			isa = PBXGroup;
			children = (
				38C941D81B533F1C00516EB9 /* AutoLog.app */,
				38C941ED1B533F1C00516EB9 /* AutoLogTests.xctest */,
			);
			name = Products;
			sourceTree = "<group>";
		};
		38C941DA1B533F1C00516EB9 /* AutoLog */ = {
			isa = PBXGroup;
			children = (
				38C941DD1B533F1C00516EB9 /* AppDelegate.swift */,
				38C941DF1B533F1C00516EB9 /* ViewController.swift */,
				38C941E11B533F1C00516EB9 /* Main.storyboard */,
				38C941E41B533F1C00516EB9 /* Images.xcassets */,
				38C941E61B533F1C00516EB9 /* LaunchScreen.xib */,
				38C941DB1B533F1C00516EB9 /* Supporting Files */,
			);
			path = AutoLog;
			sourceTree = "<group>";
		};
		38C941DB1B533F1C00516EB9 /* Supporting Files */ = {
			isa = PBXGroup;
			children = (
				38C941DC1B533F1C00516EB9 /* Info.plist */,
			);
			name = "Supporting Files";
			sourceTree = "<group>";
		};
		38C941F01B533F1C00516EB9 /* AutoLogTests */ = {
			isa = PBXGroup;
			children = (
				38C941F31B533F1C00516EB9 /* AutoLogTests.swift */,
				38C941F11B533F1C00516EB9 /* Supporting Files */,
			);
			path = AutoLogTests;
			sourceTree = "<group>";
		};
		38C941F11B533F1C00516EB9 /* Supporting Files */ = {
			isa = PBXGroup;
			children = (
				38C941F21B533F1C00516EB9 /* Info.plist */,
			);
			name = "Supporting Files";
			sourceTree = "<group>";
		};
/* End PBXGroup section */

/* Begin PBXNativeTarget section */
		38C941D71B533F1C00516EB9 /* AutoLog */ = {
			isa = PBXNativeTarget;
			buildConfigurationList = 38C941F71B533F1C00516EB9 /* Build configuration list for PBXNativeTarget "AutoLog" */;
			buildPhases = (
				38C941D41B533F1C00516EB9 /* Sources */,
				38C941D51B533F1C00516EB9 /* Frameworks */,
				38C941D61B533F1C00516EB9 /* Resources */,
			);
			buildRules = (
			);
			dependencies = (
			);
			name = AutoLog;
			productName = AutoLog;
			productReference = 38C941D81B533F1C00516EB9 /* AutoLog.app */;
			productType = "com.apple.product-type.application";
		};
		38C941EC1B533F1C00516EB9 /* AutoLogTests */ = {
			isa = PBXNativeTarget;
			buildConfigurationList = 38C941FA1B533F1C00516EB9 /* Build configuration list for PBXNativeTarget "AutoLogTests" */;
			buildPhases = (
				38C941E91B533F1C00516EB9 /* Sources */,
				38C941EA1B533F1C00516EB9 /* Frameworks */,
				38C941EB1B533F1C00516EB9 /* Resources */,
			);
			buildRules = (
			);
			dependencies = (
				38C941EF1B533F1C00516EB9 /* PBXTargetDependency */,
			);
			name = AutoLogTests;
			productName = AutoLogTests;
			productReference = 38C941ED1B533F1C00516EB9 /* AutoLogTests.xctest */;
			productType = "com.apple.product-type.bundle.unit-test";
		};
/* End PBXNativeTarget section */

/* Begin PBXProject section */
		38C941D01B533F1C00516EB9 /* Project object */ = {
			isa = PBXProject;
			attributes = {
				LastUpgradeCheck = 0640;
				ORGANIZATIONNAME = AB;
				TargetAttributes = {
					38C941D71B533F1C00516EB9 = {
						CreatedOnToolsVersion = 6.4;
					};
					38C941EC1B533F1C00516EB9 = {
						CreatedOnToolsVersion = 6.4;
						TestTargetID = 38C941D71B533F1C00516EB9;
					};
				};
			};
			buildConfigurationList = 38C941D31B533F1C00516EB9 /* Build configuration list for PBXProject "AutoLog" */;
			compatibilityVersion = "Xcode 3.2";
			developmentRegion = English;
			hasScannedForEncodings = 0;
			knownRegions = (
				en,
				Base,
			);
			mainGroup = 38C941CF1B533F1C00516EB9;
			productRefGroup = 38C941D91B533F1C00516EB9 /* Products */;
			projectDirPath = "";
			projectRoot = "";
			targets = (
				38C941D71B533F1C00516EB9 /* AutoLog */,
				38C941EC1B533F1C00516EB9 /* AutoLogTests */,
			);
		};
/* End PBXProject section */

/* Begin PBXResourcesBuildPhase section */
		38C941D61B533F1C00516EB9 /* Resources */ = {
			isa = PBXResourcesBuildPhase;
			buildActionMask = 2147483647;
			files = (
				38C941E31B533F1C00516EB9 /* Main.storyboard in Resources */,
				38C941E81B533F1C00516EB9 /* LaunchScreen.xib in Resources */,
				38C941E51B533F1C00516EB9 /* Images.xcassets in Resources */,
			);
			runOnlyForDeploymentPostprocessing = 0;
		};
		38C941EB1B533F1C00516EB9 /* Resources */ = {
			isa = PBXResourcesBuildPhase;
			buildActionMask = 2147483647;
			files = (
			);
			runOnlyForDeploymentPostprocessing = 0;
		};
/* End PBXResourcesBuildPhase section */

/* Begin PBXSourcesBuildPhase section */
		38C941D41B533F1C00516EB9 /* Sources */ = {
			isa = PBXSourcesBuildPhase;
			buildActionMask = 2147483647;
			files = (
				38C941E01B533F1C00516EB9 /* ViewController.swift in Sources */,
				38C941DE1B533F1C00516EB9 /* AppDelegate.swift in Sources */,
			);
			runOnlyForDeploymentPostprocessing = 0;
		};
		38C941E91B533F1C00516EB9 /* Sources */ = {
			isa = PBXSourcesBuildPhase;
			buildActionMask = 2147483647;
			files = (
				38C941F41B533F1C00516EB9 /* AutoLogTests.swift in Sources */,
			);
			runOnlyForDeploymentPostprocessing = 0;
		};
/* End PBXSourcesBuildPhase section */

/* Begin PBXTargetDependency section */
		38C941EF1B533F1C00516EB9 /* PBXTargetDependency */ = {
			isa = PBXTargetDependency;
			target = 38C941D71B533F1C00516EB9 /* AutoLog */;
			targetProxy = 38C941EE1B533F1C00516EB9 /* PBXContainerItemProxy */;
		};
/* End PBXTargetDependency section */

/* Begin PBXVariantGroup section */
		38C941E11B533F1C00516EB9 /* Main.storyboard */ = {
			isa = PBXVariantGroup;
			children = (
				38C941E21B533F1C00516EB9 /* Base */,
			);
			name = Main.storyboard;
			sourceTree = "<group>";
		};
		38C941E61B533F1C00516EB9 /* LaunchScreen.xib */ = {
			isa = PBXVariantGroup;
			children = (
				38C941E71B533F1C00516EB9 /* Base */,
			);
			name = LaunchScreen.xib;
			sourceTree = "<group>";
		};
/* End PBXVariantGroup section */

/* Begin XCBuildConfiguration section */
		38C941F51B533F1C00516EB9 /* Debug */ = {
			isa = XCBuildConfiguration;
			buildSettings = {
				ALWAYS_SEARCH_USER_PATHS = NO;
				CLANG_CXX_LANGUAGE_STANDARD = "gnu++0x";
				CLANG_CXX_LIBRARY = "libc++";
				CLANG_ENABLE_MODULES = YES;
				CLANG_ENABLE_OBJC_ARC = YES;
				CLANG_WARN_BOOL_CONVERSION = YES;
				CLANG_WARN_CONSTANT_CONVERSION = YES;
				CLANG_WARN_DIRECT_OBJC_ISA_USAGE = YES_ERROR;
				CLANG_WARN_EMPTY_BODY = YES;
				CLANG_WARN_ENUM_CONVERSION = YES;
				CLANG_WARN_INT_CONVERSION = YES;
				CLANG_WARN_OBJC_ROOT_CLASS = YES_ERROR;
				CLANG_WARN_UNREACHABLE_CODE = YES;
				CLANG_WARN__DUPLICATE_METHOD_MATCH = YES;
				"CODE_SIGN_IDENTITY[sdk=iphoneos*]" = "iPhone Developer";
				COPY_PHASE_STRIP = NO;
				DEBUG_INFORMATION_FORMAT = "dwarf-with-dsym";
				ENABLE_STRICT_OBJC_MSGSEND = YES;
				GCC_C_LANGUAGE_STANDARD = gnu99;
				GCC_DYNAMIC_NO_PIC = NO;
				GCC_NO_COMMON_BLOCKS = YES;
				GCC_OPTIMIZATION_LEVEL = 0;
				GCC_PREPROCESSOR_DEFINITIONS = (
					"DEBUG=1",
					"$(inherited)",
				);
				GCC_SYMBOLS_PRIVATE_EXTERN = NO;
				GCC_WARN_64_TO_32_BIT_CONVERSION = YES;
				GCC_WARN_ABOUT_RETURN_TYPE = YES_ERROR;
				GCC_WARN_UNDECLARED_SELECTOR = YES;
				GCC_WARN_UNINITIALIZED_AUTOS = YES_AGGRESSIVE;
				GCC_WARN_UNUSED_FUNCTION = YES;
				GCC_WARN_UNUSED_VARIABLE = YES;
				IPHONEOS_DEPLOYMENT_TARGET = 8.4;
				MTL_ENABLE_DEBUG_INFO = YES;
				ONLY_ACTIVE_ARCH = YES;
				SDKROOT = iphoneos;
				SWIFT_OPTIMIZATION_LEVEL = "-Onone";
				TARGETED_DEVICE_FAMILY = "1,2";
			};
			name = Debug;
		};
		38C941F61B533F1C00516EB9 /* Release */ = {
			isa = XCBuildConfiguration;
			buildSettings = {
				ALWAYS_SEARCH_USER_PATHS = NO;
				CLANG_CXX_LANGUAGE_STANDARD = "gnu++0x";
				CLANG_CXX_LIBRARY = "libc++";
				CLANG_ENABLE_MODULES = YES;
				CLANG_ENABLE_OBJC_ARC = YES;
				CLANG_WARN_BOOL_CONVERSION = YES;
				CLANG_WARN_CONSTANT_CONVERSION = YES;
				CLANG_WARN_DIRECT_OBJC_ISA_USAGE = YES_ERROR;
				CLANG_WARN_EMPTY_BODY = YES;
				CLANG_WARN_ENUM_CONVERSION = YES;
				CLANG_WARN_INT_CONVERSION = YES;
				CLANG_WARN_OBJC_ROOT_CLASS = YES_ERROR;
				CLANG_WARN_UNREACHABLE_CODE = YES;
				CLANG_WARN__DUPLICATE_METHOD_MATCH = YES;
				"CODE_SIGN_IDENTITY[sdk=iphoneos*]" = "iPhone Developer";
				COPY_PHASE_STRIP = NO;
				DEBUG_INFORMATION_FORMAT = "dwarf-with-dsym";
				ENABLE_NS_ASSERTIONS = NO;
				ENABLE_STRICT_OBJC_MSGSEND = YES;
				GCC_C_LANGUAGE_STANDARD = gnu99;
				GCC_NO_COMMON_BLOCKS = YES;
				GCC_WARN_64_TO_32_BIT_CONVERSION = YES;
				GCC_WARN_ABOUT_RETURN_TYPE = YES_ERROR;
				GCC_WARN_UNDECLARED_SELECTOR = YES;
				GCC_WARN_UNINITIALIZED_AUTOS = YES_AGGRESSIVE;
				GCC_WARN_UNUSED_FUNCTION = YES;
				GCC_WARN_UNUSED_VARIABLE = YES;
				IPHONEOS_DEPLOYMENT_TARGET = 8.4;
				MTL_ENABLE_DEBUG_INFO = NO;
				SDKROOT = iphoneos;
				TARGETED_DEVICE_FAMILY = "1,2";
				VALIDATE_PRODUCT = YES;
			};
			name = Release;
		};
		38C941F81B533F1C00516EB9 /* Debug */ = {
			isa = XCBuildConfiguration;
			buildSettings = {
				ASSETCATALOG_COMPILER_APPICON_NAME = AppIcon;
				INFOPLIST_FILE = AutoLog/Info.plist;
				LD_RUNPATH_SEARCH_PATHS = "$(inherited) @executable_path/Frameworks";
				PRODUCT_NAME = "$(TARGET_NAME)";
			};
			name = Debug;
		};
		38C941F91B533F1C00516EB9 /* Release */ = {
			isa = XCBuildConfiguration;
			buildSettings = {
				ASSETCATALOG_COMPILER_APPICON_NAME = AppIcon;
				INFOPLIST_FILE = AutoLog/Info.plist;
				LD_RUNPATH_SEARCH_PATHS = "$(inherited) @executable_path/Frameworks";
				PRODUCT_NAME = "$(TARGET_NAME)";
			};
			name = Release;
		};
		38C941FB1B533F1C00516EB9 /* Debug */ = {
			isa = XCBuildConfiguration;
			buildSettings = {
				BUNDLE_LOADER = "$(TEST_HOST)";
				FRAMEWORK_SEARCH_PATHS = (
					"$(SDKROOT)/Developer/Library/Frameworks",
					"$(inherited)",
				);
				GCC_PREPROCESSOR_DEFINITIONS = (
					"DEBUG=1",
					"$(inherited)",
				);
				INFOPLIST_FILE = AutoLogTests/Info.plist;
				LD_RUNPATH_SEARCH_PATHS = "$(inherited) @executable_path/Frameworks @loader_path/Frameworks";
				PRODUCT_NAME = "$(TARGET_NAME)";
				TEST_HOST = "$(BUILT_PRODUCTS_DIR)/AutoLog.app/AutoLog";
			};
			name = Debug;
		};
		38C941FC1B533F1C00516EB9 /* Release */ = {
			isa = XCBuildConfiguration;
			buildSettings = {
				BUNDLE_LOADER = "$(TEST_HOST)";
				FRAMEWORK_SEARCH_PATHS = (
					"$(SDKROOT)/Developer/Library/Frameworks",
					"$(inherited)",
				);
				INFOPLIST_FILE = AutoLogTests/Info.plist;
				LD_RUNPATH_SEARCH_PATHS = "$(inherited) @executable_path/Frameworks @loader_path/Frameworks";
				PRODUCT_NAME = "$(TARGET_NAME)";
				TEST_HOST = "$(BUILT_PRODUCTS_DIR)/AutoLog.app/AutoLog";
			};
			name = Release;
		};
/* End XCBuildConfiguration section */

/* Begin XCConfigurationList section */
		38C941D31B533F1C00516EB9 /* Build configuration list for PBXProject "AutoLog" */ = {
			isa = XCConfigurationList;
			buildConfigurations = (
				38C941F51B533F1C00516EB9 /* Debug */,
				38C941F61B533F1C00516EB9 /* Release */,
			);
			defaultConfigurationIsVisible = 0;
			defaultConfigurationName = Release;
		};
		38C941F71B533F1C00516EB9 /* Build configuration list for PBXNativeTarget "AutoLog" */ = {
			isa = XCConfigurationList;
			buildConfigurations = (
				38C941F81B533F1C00516EB9 /* Debug */,
				38C941F91B533F1C00516EB9 /* Release */,
			);
			defaultConfigurationIsVisible = 0;
		};
		38C941FA1B533F1C00516EB9 /* Build configuration list for PBXNativeTarget "AutoLogTests" */ = {
			isa = XCConfigurationList;
			buildConfigurations = (
				38C941FB1B533F1C00516EB9 /* Debug */,
				38C941FC1B533F1C00516EB9 /* Release */,
			);
			defaultConfigurationIsVisible = 0;
		};
/* End XCConfigurationList section */
	};
	rootObject = 38C941D01B533F1C00516EB9 /* Project object */;
}
